
Microsoft Visual Studio Solution File, Format Version 12.00
# Visual Studio Version 17
VisualStudioVersion = 17.9.34728.123
MinimumVisualStudioVersion = 10.0.40219.1
Project("{FAE04EC0-301F-11D3-BF4B-00C04F79EFBC}") = "DACK", "DACK\DACK.csproj", "{BB5D9EAF-6C06-4F79-BD16-CF58DCC78980}"
EndProject
Global
	GlobalSection(SolutionConfigurationPlatforms) = preSolution
		Debug|Any CPU = Debug|Any CPU
		Release|Any CPU = Release|Any CPU
	EndGlobalSection
	GlobalSection(ProjectConfigurationPlatforms) = postSolution
		{BB5D9EAF-6C06-4F79-BD16-CF58DCC78980}.Debug|Any CPU.ActiveCfg = Debug|Any CPU
		{BB5D9EAF-6C06-4F79-BD16-CF58DCC78980}.Debug|Any CPU.Build.0 = Debug|Any CPU
		{BB5D9EAF-6C06-4F79-BD16-CF58DCC78980}.Release|Any CPU.ActiveCfg = Release|Any CPU
		{BB5D9EAF-6C06-4F79-BD16-CF58DCC78980}.Release|Any CPU.Build.0 = Release|Any CPU
	EndGlobalSection
	GlobalSection(SolutionProperties) = preSolution
		HideSolutionNode = FALSE
	EndGlobalSection
	GlobalSection(ExtensibilityGlobals) = postSolution
		SolutionGuid = {18E778D0-90F0-4458-884D-26DB30C0B6EF}
	EndGlobalSection
EndGlobal
